
Microsoft Visual Studio Solution File, Format Version 12.00
# Visual Studio Version 17
VisualStudioVersion = 17.8.34112.27
MinimumVisualStudioVersion = 10.0.40219.1
Project("{FAE04EC0-301F-11D3-BF4B-00C04F79EFBC}") = "Vazifa19.09", "Vazifa19.09\Vazifa19.09.csproj", "{609E78D3-F7A7-401A-8AC9-579984CA9D63}"
EndProject
Global
	GlobalSection(SolutionConfigurationPlatforms) = preSolution
		Debug|Any CPU = Debug|Any CPU
		Release|Any CPU = Release|Any CPU
	EndGlobalSection
	GlobalSection(ProjectConfigurationPlatforms) = postSolution
		{609E78D3-F7A7-401A-8AC9-579984CA9D63}.Debug|Any CPU.ActiveCfg = Debug|Any CPU
		{609E78D3-F7A7-401A-8AC9-579984CA9D63}.Debug|Any CPU.Build.0 = Debug|Any CPU
		{609E78D3-F7A7-401A-8AC9-579984CA9D63}.Release|Any CPU.ActiveCfg = Release|Any CPU
		{609E78D3-F7A7-401A-8AC9-579984CA9D63}.Release|Any CPU.Build.0 = Release|Any CPU
	EndGlobalSection
	GlobalSection(SolutionProperties) = preSolution
		HideSolutionNode = FALSE
	EndGlobalSection
	GlobalSection(ExtensibilityGlobals) = postSolution
		SolutionGuid = {41A9D0ED-F4B7-4F08-A246-9C4014F3AB0B}
	EndGlobalSection
EndGlobal
